
Microsoft Visual Studio Solution File, Format Version 12.00
# Visual Studio 15
VisualStudioVersion = 15.0.26228.4
MinimumVisualStudioVersion = 10.0.40219.1
Project("{FAE04EC0-301F-11D3-BF4B-00C04F79EFBC}") = "DSSoundStudio", "DSSoundStudio\DSSoundStudio.csproj", "{A91D631C-4C2E-43AC-A6F2-9AAB5E865FA8}"
EndProject
Project("{FAE04EC0-301F-11D3-BF4B-00C04F79EFBC}") = "LibDSSound", "LibDSSound\LibDSSound.csproj", "{DFA9346A-3276-4478-97D8-923E4D48E239}"
EndProject
Global
	GlobalSection(SolutionConfigurationPlatforms) = preSolution
		Debug|Any CPU = Debug|Any CPU
		Debug|Mixed Platforms = Debug|Mixed Platforms
		Debug|x86 = Debug|x86
		Release|Any CPU = Release|Any CPU
		Release|Mixed Platforms = Release|Mixed Platforms
		Release|x86 = Release|x86
	EndGlobalSection
	GlobalSection(ProjectConfigurationPlatforms) = postSolution
		{A91D631C-4C2E-43AC-A6F2-9AAB5E865FA8}.Debug|Any CPU.ActiveCfg = Debug|x86
		{A91D631C-4C2E-43AC-A6F2-9AAB5E865FA8}.Debug|Any CPU.Build.0 = Debug|x86
		{A91D631C-4C2E-43AC-A6F2-9AAB5E865FA8}.Debug|Mixed Platforms.ActiveCfg = Debug|x86
		{A91D631C-4C2E-43AC-A6F2-9AAB5E865FA8}.Debug|Mixed Platforms.Build.0 = Debug|x86
		{A91D631C-4C2E-43AC-A6F2-9AAB5E865FA8}.Debug|x86.ActiveCfg = Debug|x86
		{A91D631C-4C2E-43AC-A6F2-9AAB5E865FA8}.Debug|x86.Build.0 = Debug|x86
		{A91D631C-4C2E-43AC-A6F2-9AAB5E865FA8}.Release|Any CPU.ActiveCfg = Release|x86
		{A91D631C-4C2E-43AC-A6F2-9AAB5E865FA8}.Release|Any CPU.Build.0 = Release|x86
		{A91D631C-4C2E-43AC-A6F2-9AAB5E865FA8}.Release|Mixed Platforms.ActiveCfg = Release|x86
		{A91D631C-4C2E-43AC-A6F2-9AAB5E865FA8}.Release|Mixed Platforms.Build.0 = Release|x86
		{A91D631C-4C2E-43AC-A6F2-9AAB5E865FA8}.Release|x86.ActiveCfg = Release|x86
		{A91D631C-4C2E-43AC-A6F2-9AAB5E865FA8}.Release|x86.Build.0 = Release|x86
		{DFA9346A-3276-4478-97D8-923E4D48E239}.Debug|Any CPU.ActiveCfg = Debug|Any CPU
		{DFA9346A-3276-4478-97D8-923E4D48E239}.Debug|Any CPU.Build.0 = Debug|Any CPU
		{DFA9346A-3276-4478-97D8-923E4D48E239}.Debug|Mixed Platforms.ActiveCfg = Debug|Any CPU
		{DFA9346A-3276-4478-97D8-923E4D48E239}.Debug|Mixed Platforms.Build.0 = Debug|Any CPU
		{DFA9346A-3276-4478-97D8-923E4D48E239}.Debug|x86.ActiveCfg = Debug|Any CPU
		{DFA9346A-3276-4478-97D8-923E4D48E239}.Debug|x86.Build.0 = Debug|Any CPU
		{DFA9346A-3276-4478-97D8-923E4D48E239}.Release|Any CPU.ActiveCfg = Release|Any CPU
		{DFA9346A-3276-4478-97D8-923E4D48E239}.Release|Any CPU.Build.0 = Release|Any CPU
		{DFA9346A-3276-4478-97D8-923E4D48E239}.Release|Mixed Platforms.ActiveCfg = Release|Any CPU
		{DFA9346A-3276-4478-97D8-923E4D48E239}.Release|Mixed Platforms.Build.0 = Release|Any CPU
		{DFA9346A-3276-4478-97D8-923E4D48E239}.Release|x86.ActiveCfg = Release|Any CPU
		{DFA9346A-3276-4478-97D8-923E4D48E239}.Release|x86.Build.0 = Release|Any CPU
	EndGlobalSection
	GlobalSection(SolutionProperties) = preSolution
		HideSolutionNode = FALSE
	EndGlobalSection
EndGlobal
